
Microsoft Visual Studio Solution File, Format Version 12.00
# Visual Studio Version 17
VisualStudioVersion = 17.9.34728.123
MinimumVisualStudioVersion = 10.0.40219.1
Project("{FAE04EC0-301F-11D3-BF4B-00C04F79EFBC}") = "KafkaWorker.Producer", "KafkaWorker.Producer\KafkaWorker.Producer.csproj", "{59FA0993-FECD-4F5D-B788-22577B57703B}"
EndProject
Project("{FAE04EC0-301F-11D3-BF4B-00C04F79EFBC}") = "Kafka.Common", "Kafka.Common\Kafka.Common.csproj", "{04AC562C-0EAA-450F-A417-900AC151594A}"
EndProject
Project("{FAE04EC0-301F-11D3-BF4B-00C04F79EFBC}") = "KafkaWorker.Consumer", "KafkaWorker.Consumer\KafkaWorker.Consumer.csproj", "{30E476B1-D266-44DD-9BD6-E0812B09F74A}"
EndProject
Global
	GlobalSection(SolutionConfigurationPlatforms) = preSolution
		Debug|Any CPU = Debug|Any CPU
		Release|Any CPU = Release|Any CPU
	EndGlobalSection
	GlobalSection(ProjectConfigurationPlatforms) = postSolution
		{59FA0993-FECD-4F5D-B788-22577B57703B}.Debug|Any CPU.ActiveCfg = Debug|Any CPU
		{59FA0993-FECD-4F5D-B788-22577B57703B}.Debug|Any CPU.Build.0 = Debug|Any CPU
		{59FA0993-FECD-4F5D-B788-22577B57703B}.Release|Any CPU.ActiveCfg = Release|Any CPU
		{59FA0993-FECD-4F5D-B788-22577B57703B}.Release|Any CPU.Build.0 = Release|Any CPU
		{04AC562C-0EAA-450F-A417-900AC151594A}.Debug|Any CPU.ActiveCfg = Debug|Any CPU
		{04AC562C-0EAA-450F-A417-900AC151594A}.Debug|Any CPU.Build.0 = Debug|Any CPU
		{04AC562C-0EAA-450F-A417-900AC151594A}.Release|Any CPU.ActiveCfg = Release|Any CPU
		{04AC562C-0EAA-450F-A417-900AC151594A}.Release|Any CPU.Build.0 = Release|Any CPU
		{30E476B1-D266-44DD-9BD6-E0812B09F74A}.Debug|Any CPU.ActiveCfg = Debug|Any CPU
		{30E476B1-D266-44DD-9BD6-E0812B09F74A}.Debug|Any CPU.Build.0 = Debug|Any CPU
		{30E476B1-D266-44DD-9BD6-E0812B09F74A}.Release|Any CPU.ActiveCfg = Release|Any CPU
		{30E476B1-D266-44DD-9BD6-E0812B09F74A}.Release|Any CPU.Build.0 = Release|Any CPU
	EndGlobalSection
	GlobalSection(SolutionProperties) = preSolution
		HideSolutionNode = FALSE
	EndGlobalSection
	GlobalSection(ExtensibilityGlobals) = postSolution
		SolutionGuid = {5185874B-988B-40CD-86B1-C5C3E294CDAF}
	EndGlobalSection
EndGlobal
